
Microsoft Visual Studio Solution File, Format Version 12.00
# Visual Studio Version 16
VisualStudioVersion = 16.0.29215.179
MinimumVisualStudioVersion = 10.0.40219.1
Project("{FAE04EC0-301F-11D3-BF4B-00C04F79EFBC}") = "1.2 Hello Triangle", "Capter1\1.2 Hello Triangle\1.2 Hello Triangle.csproj", "{97079802-84F2-4AF4-816B-6B1D2B7538E1}"
EndProject
Project("{2150E333-8FDC-42A3-9474-1A3956D46DE8}") = "Chapter1", "Chapter1", "{F038E26C-5C4A-4413-A42E-CA73CD362BE8}"
EndProject
Project("{FAE04EC0-301F-11D3-BF4B-00C04F79EFBC}") = "1.3 Element Buffer Objects", "Capter1\1.3 Element Buffer Objects\1.3 Element Buffer Objects.csproj", "{F0A6E008-0D58-4ADE-BD3D-3FD4931796B6}"
EndProject
Global
	GlobalSection(SolutionConfigurationPlatforms) = preSolution
		Debug|Any CPU = Debug|Any CPU
		Release|Any CPU = Release|Any CPU
	EndGlobalSection
	GlobalSection(ProjectConfigurationPlatforms) = postSolution
		{97079802-84F2-4AF4-816B-6B1D2B7538E1}.Debug|Any CPU.ActiveCfg = Debug|Any CPU
		{97079802-84F2-4AF4-816B-6B1D2B7538E1}.Debug|Any CPU.Build.0 = Debug|Any CPU
		{97079802-84F2-4AF4-816B-6B1D2B7538E1}.Release|Any CPU.ActiveCfg = Release|Any CPU
		{97079802-84F2-4AF4-816B-6B1D2B7538E1}.Release|Any CPU.Build.0 = Release|Any CPU
		{F0A6E008-0D58-4ADE-BD3D-3FD4931796B6}.Debug|Any CPU.ActiveCfg = Debug|Any CPU
		{F0A6E008-0D58-4ADE-BD3D-3FD4931796B6}.Debug|Any CPU.Build.0 = Debug|Any CPU
		{F0A6E008-0D58-4ADE-BD3D-3FD4931796B6}.Release|Any CPU.ActiveCfg = Release|Any CPU
		{F0A6E008-0D58-4ADE-BD3D-3FD4931796B6}.Release|Any CPU.Build.0 = Release|Any CPU
	EndGlobalSection
	GlobalSection(SolutionProperties) = preSolution
		HideSolutionNode = FALSE
	EndGlobalSection
	GlobalSection(NestedProjects) = preSolution
		{97079802-84F2-4AF4-816B-6B1D2B7538E1} = {F038E26C-5C4A-4413-A42E-CA73CD362BE8}
		{F0A6E008-0D58-4ADE-BD3D-3FD4931796B6} = {F038E26C-5C4A-4413-A42E-CA73CD362BE8}
	EndGlobalSection
	GlobalSection(ExtensibilityGlobals) = postSolution
		SolutionGuid = {FD1B4A1C-A5D8-490E-B47E-A2E63CBC9701}
	EndGlobalSection
EndGlobal
